
Microsoft Visual Studio Solution File, Format Version 12.00
Project("{FAE04EC0-301F-11D3-BF4B-00C04F79EFBC}") = "warScraper", "warScraper\warScraper.csproj", "{1FDECC47-65A8-419C-8FC7-A99C77DB6201}"
EndProject
Global
	GlobalSection(SolutionConfigurationPlatforms) = preSolution
		Debug|Any CPU = Debug|Any CPU
		Release|Any CPU = Release|Any CPU
	EndGlobalSection
	GlobalSection(ProjectConfigurationPlatforms) = postSolution
		{1FDECC47-65A8-419C-8FC7-A99C77DB6201}.Debug|Any CPU.ActiveCfg = Debug|Any CPU
		{1FDECC47-65A8-419C-8FC7-A99C77DB6201}.Debug|Any CPU.Build.0 = Debug|Any CPU
		{1FDECC47-65A8-419C-8FC7-A99C77DB6201}.Release|Any CPU.ActiveCfg = Release|Any CPU
		{1FDECC47-65A8-419C-8FC7-A99C77DB6201}.Release|Any CPU.Build.0 = Release|Any CPU
	EndGlobalSection
EndGlobal
